// !$*UTF8*$!
{
	archiveVersion = 1;
	classes = {
	};
	objectVersion = 46;
	objects = {

/* Begin PBXBuildFile section */
		653316381C871776007D0F70 /* ExpressMarkdown.swift in Sources */ = {isa = PBXBuildFile; fileRef = 653316371C871776007D0F70 /* ExpressMarkdown.swift */; };
		653316441C873B03007D0F70 /* BrightFutures.framework in Frameworks */ = {isa = PBXBuildFile; fileRef = 653316391C873B03007D0F70 /* BrightFutures.framework */; };
		653316451C873B03007D0F70 /* ExecutionContext.framework in Frameworks */ = {isa = PBXBuildFile; fileRef = 6533163A1C873B03007D0F70 /* ExecutionContext.framework */; };
		653316461C873B04007D0F70 /* Express.framework in Frameworks */ = {isa = PBXBuildFile; fileRef = 6533163B1C873B03007D0F70 /* Express.framework */; };
		653316471C873B04007D0F70 /* Markdown.framework in Frameworks */ = {isa = PBXBuildFile; fileRef = 6533163C1C873B03007D0F70 /* Markdown.framework */; };
		653316481C873B04007D0F70 /* Mustache.framework in Frameworks */ = {isa = PBXBuildFile; fileRef = 6533163D1C873B03007D0F70 /* Mustache.framework */; };
		653316491C873B04007D0F70 /* PathKit.framework in Frameworks */ = {isa = PBXBuildFile; fileRef = 6533163E1C873B03007D0F70 /* PathKit.framework */; };
		6533164A1C873B04007D0F70 /* PathToRegex.framework in Frameworks */ = {isa = PBXBuildFile; fileRef = 6533163F1C873B03007D0F70 /* PathToRegex.framework */; };
		6533164B1C873B04007D0F70 /* Regex.framework in Frameworks */ = {isa = PBXBuildFile; fileRef = 653316401C873B03007D0F70 /* Regex.framework */; };
		6533164C1C873B04007D0F70 /* Result.framework in Frameworks */ = {isa = PBXBuildFile; fileRef = 653316411C873B03007D0F70 /* Result.framework */; };
		6533164D1C873B04007D0F70 /* Stencil.framework in Frameworks */ = {isa = PBXBuildFile; fileRef = 653316421C873B03007D0F70 /* Stencil.framework */; };
		6533164E1C873B04007D0F70 /* TidyJSON.framework in Frameworks */ = {isa = PBXBuildFile; fileRef = 653316431C873B03007D0F70 /* TidyJSON.framework */; };
/* End PBXBuildFile section */

/* Begin PBXFileReference section */
		6533162C1C871712007D0F70 /* ExpressMarkdown.framework */ = {isa = PBXFileReference; explicitFileType = wrapper.framework; includeInIndex = 0; path = ExpressMarkdown.framework; sourceTree = BUILT_PRODUCTS_DIR; };
		653316311C871712007D0F70 /* Info.plist */ = {isa = PBXFileReference; lastKnownFileType = text.plist.xml; path = Info.plist; sourceTree = "<group>"; };
		653316371C871776007D0F70 /* ExpressMarkdown.swift */ = {isa = PBXFileReference; fileEncoding = 4; lastKnownFileType = sourcecode.swift; path = ExpressMarkdown.swift; sourceTree = "<group>"; };
		653316391C873B03007D0F70 /* BrightFutures.framework */ = {isa = PBXFileReference; lastKnownFileType = wrapper.framework; name = BrightFutures.framework; path = Carthage/Build/Mac/BrightFutures.framework; sourceTree = "<group>"; };
		6533163A1C873B03007D0F70 /* ExecutionContext.framework */ = {isa = PBXFileReference; lastKnownFileType = wrapper.framework; name = ExecutionContext.framework; path = Carthage/Build/Mac/ExecutionContext.framework; sourceTree = "<group>"; };
		6533163B1C873B03007D0F70 /* Express.framework */ = {isa = PBXFileReference; lastKnownFileType = wrapper.framework; name = Express.framework; path = Carthage/Build/Mac/Express.framework; sourceTree = "<group>"; };
		6533163C1C873B03007D0F70 /* Markdown.framework */ = {isa = PBXFileReference; lastKnownFileType = wrapper.framework; name = Markdown.framework; path = Carthage/Build/Mac/Markdown.framework; sourceTree = "<group>"; };
		6533163D1C873B03007D0F70 /* Mustache.framework */ = {isa = PBXFileReference; lastKnownFileType = wrapper.framework; name = Mustache.framework; path = Carthage/Build/Mac/Mustache.framework; sourceTree = "<group>"; };
		6533163E1C873B03007D0F70 /* PathKit.framework */ = {isa = PBXFileReference; lastKnownFileType = wrapper.framework; name = PathKit.framework; path = Carthage/Build/Mac/PathKit.framework; sourceTree = "<group>"; };
		6533163F1C873B03007D0F70 /* PathToRegex.framework */ = {isa = PBXFileReference; lastKnownFileType = wrapper.framework; name = PathToRegex.framework; path = Carthage/Build/Mac/PathToRegex.framework; sourceTree = "<group>"; };
		653316401C873B03007D0F70 /* Regex.framework */ = {isa = PBXFileReference; lastKnownFileType = wrapper.framework; name = Regex.framework; path = Carthage/Build/Mac/Regex.framework; sourceTree = "<group>"; };
		653316411C873B03007D0F70 /* Result.framework */ = {isa = PBXFileReference; lastKnownFileType = wrapper.framework; name = Result.framework; path = Carthage/Build/Mac/Result.framework; sourceTree = "<group>"; };
		653316421C873B03007D0F70 /* Stencil.framework */ = {isa = PBXFileReference; lastKnownFileType = wrapper.framework; name = Stencil.framework; path = Carthage/Build/Mac/Stencil.framework; sourceTree = "<group>"; };
		653316431C873B03007D0F70 /* TidyJSON.framework */ = {isa = PBXFileReference; lastKnownFileType = wrapper.framework; name = TidyJSON.framework; path = Carthage/Build/Mac/TidyJSON.framework; sourceTree = "<group>"; };
/* End PBXFileReference section */

/* Begin PBXFrameworksBuildPhase section */
		653316281C871712007D0F70 /* Frameworks */ = {
			isa = PBXFrameworksBuildPhase;
			buildActionMask = 2147483647;
			files = (
				653316441C873B03007D0F70 /* BrightFutures.framework in Frameworks */,
				653316451C873B03007D0F70 /* ExecutionContext.framework in Frameworks */,
				653316461C873B04007D0F70 /* Express.framework in Frameworks */,
				653316471C873B04007D0F70 /* Markdown.framework in Frameworks */,
				653316481C873B04007D0F70 /* Mustache.framework in Frameworks */,
				653316491C873B04007D0F70 /* PathKit.framework in Frameworks */,
				6533164A1C873B04007D0F70 /* PathToRegex.framework in Frameworks */,
				6533164B1C873B04007D0F70 /* Regex.framework in Frameworks */,
				6533164C1C873B04007D0F70 /* Result.framework in Frameworks */,
				6533164D1C873B04007D0F70 /* Stencil.framework in Frameworks */,
				6533164E1C873B04007D0F70 /* TidyJSON.framework in Frameworks */,
			);
			runOnlyForDeploymentPostprocessing = 0;
		};
/* End PBXFrameworksBuildPhase section */

/* Begin PBXGroup section */
		653316221C871712007D0F70 = {
			isa = PBXGroup;
			children = (
				6533162E1C871712007D0F70 /* ExpressMarkdown */,
				6533164F1C873B0A007D0F70 /* Frameworks */,
				6533162D1C871712007D0F70 /* Products */,
			);
			sourceTree = "<group>";
		};
		6533162D1C871712007D0F70 /* Products */ = {
			isa = PBXGroup;
			children = (
				6533162C1C871712007D0F70 /* ExpressMarkdown.framework */,
			);
			name = Products;
			sourceTree = "<group>";
		};
		6533162E1C871712007D0F70 /* ExpressMarkdown */ = {
			isa = PBXGroup;
			children = (
				653316311C871712007D0F70 /* Info.plist */,
				653316371C871776007D0F70 /* ExpressMarkdown.swift */,
			);
			path = ExpressMarkdown;
			sourceTree = "<group>";
		};
		6533164F1C873B0A007D0F70 /* Frameworks */ = {
			isa = PBXGroup;
			children = (
				653316391C873B03007D0F70 /* BrightFutures.framework */,
				6533163A1C873B03007D0F70 /* ExecutionContext.framework */,
				6533163B1C873B03007D0F70 /* Express.framework */,
				6533163C1C873B03007D0F70 /* Markdown.framework */,
				6533163D1C873B03007D0F70 /* Mustache.framework */,
				6533163E1C873B03007D0F70 /* PathKit.framework */,
				6533163F1C873B03007D0F70 /* PathToRegex.framework */,
				653316401C873B03007D0F70 /* Regex.framework */,
				653316411C873B03007D0F70 /* Result.framework */,
				653316421C873B03007D0F70 /* Stencil.framework */,
				653316431C873B03007D0F70 /* TidyJSON.framework */,
			);
			name = Frameworks;
			sourceTree = "<group>";
		};
/* End PBXGroup section */

/* Begin PBXHeadersBuildPhase section */
		653316291C871712007D0F70 /* Headers */ = {
			isa = PBXHeadersBuildPhase;
			buildActionMask = 2147483647;
			files = (
			);
			runOnlyForDeploymentPostprocessing = 0;
		};
/* End PBXHeadersBuildPhase section */

/* Begin PBXNativeTarget section */
		6533162B1C871712007D0F70 /* ExpressMarkdown */ = {
			isa = PBXNativeTarget;
			buildConfigurationList = 653316341C871712007D0F70 /* Build configuration list for PBXNativeTarget "ExpressMarkdown" */;
			buildPhases = (
				653316271C871712007D0F70 /* Sources */,
				653316281C871712007D0F70 /* Frameworks */,
				653316291C871712007D0F70 /* Headers */,
				6533162A1C871712007D0F70 /* Resources */,
			);
			buildRules = (
			);
			dependencies = (
			);
			name = ExpressMarkdown;
			productName = ExpressMarkdown;
			productReference = 6533162C1C871712007D0F70 /* ExpressMarkdown.framework */;
			productType = "com.apple.product-type.framework";
		};
/* End PBXNativeTarget section */

/* Begin PBXProject section */
		653316231C871712007D0F70 /* Project object */ = {
			isa = PBXProject;
			attributes = {
				LastUpgradeCheck = 0720;
				ORGANIZATIONNAME = "Crossroad Labs, LTD.";
				TargetAttributes = {
					6533162B1C871712007D0F70 = {
						CreatedOnToolsVersion = 7.2.1;
					};
				};
			};
			buildConfigurationList = 653316261C871712007D0F70 /* Build configuration list for PBXProject "ExpressMarkdown" */;
			compatibilityVersion = "Xcode 3.2";
			developmentRegion = English;
			hasScannedForEncodings = 0;
			knownRegions = (
				en,
			);
			mainGroup = 653316221C871712007D0F70;
			productRefGroup = 6533162D1C871712007D0F70 /* Products */;
			projectDirPath = "";
			projectRoot = "";
			targets = (
				6533162B1C871712007D0F70 /* ExpressMarkdown */,
			);
		};
/* End PBXProject section */

/* Begin PBXResourcesBuildPhase section */
		6533162A1C871712007D0F70 /* Resources */ = {
			isa = PBXResourcesBuildPhase;
			buildActionMask = 2147483647;
			files = (
			);
			runOnlyForDeploymentPostprocessing = 0;
		};
/* End PBXResourcesBuildPhase section */

/* Begin PBXSourcesBuildPhase section */
		653316271C871712007D0F70 /* Sources */ = {
			isa = PBXSourcesBuildPhase;
			buildActionMask = 2147483647;
			files = (
				653316381C871776007D0F70 /* ExpressMarkdown.swift in Sources */,
			);
			runOnlyForDeploymentPostprocessing = 0;
		};
/* End PBXSourcesBuildPhase section */

/* Begin XCBuildConfiguration section */
		653316321C871712007D0F70 /* Debug */ = {
			isa = XCBuildConfiguration;
			buildSettings = {
				ALWAYS_SEARCH_USER_PATHS = NO;
				CLANG_CXX_LANGUAGE_STANDARD = "gnu++0x";
				CLANG_CXX_LIBRARY = "libc++";
				CLANG_ENABLE_MODULES = YES;
				CLANG_ENABLE_OBJC_ARC = YES;
				CLANG_WARN_BOOL_CONVERSION = YES;
				CLANG_WARN_CONSTANT_CONVERSION = YES;
				CLANG_WARN_DIRECT_OBJC_ISA_USAGE = YES_ERROR;
				CLANG_WARN_EMPTY_BODY = YES;
				CLANG_WARN_ENUM_CONVERSION = YES;
				CLANG_WARN_INT_CONVERSION = YES;
				CLANG_WARN_OBJC_ROOT_CLASS = YES_ERROR;
				CLANG_WARN_UNREACHABLE_CODE = YES;
				CLANG_WARN__DUPLICATE_METHOD_MATCH = YES;
				CODE_SIGN_IDENTITY = "-";
				COPY_PHASE_STRIP = NO;
				CURRENT_PROJECT_VERSION = 1;
				DEBUG_INFORMATION_FORMAT = dwarf;
				ENABLE_STRICT_OBJC_MSGSEND = YES;
				ENABLE_TESTABILITY = YES;
				GCC_C_LANGUAGE_STANDARD = gnu99;
				GCC_DYNAMIC_NO_PIC = NO;
				GCC_NO_COMMON_BLOCKS = YES;
				GCC_OPTIMIZATION_LEVEL = 0;
				GCC_PREPROCESSOR_DEFINITIONS = (
					"DEBUG=1",
					"$(inherited)",
				);
				GCC_WARN_64_TO_32_BIT_CONVERSION = YES;
				GCC_WARN_ABOUT_RETURN_TYPE = YES_ERROR;
				GCC_WARN_UNDECLARED_SELECTOR = YES;
				GCC_WARN_UNINITIALIZED_AUTOS = YES_AGGRESSIVE;
				GCC_WARN_UNUSED_FUNCTION = YES;
				GCC_WARN_UNUSED_VARIABLE = YES;
				HEADER_SEARCH_PATHS = (
					/usr/local/include,
					/usr/local/opt/openssl/include,
				);
				MACOSX_DEPLOYMENT_TARGET = 10.10;
				MTL_ENABLE_DEBUG_INFO = YES;
				ONLY_ACTIVE_ARCH = YES;
				SDKROOT = macosx;
				SWIFT_OPTIMIZATION_LEVEL = "-Onone";
				VERSIONING_SYSTEM = "apple-generic";
				VERSION_INFO_PREFIX = "";
			};
			name = Debug;
		};
		653316331C871712007D0F70 /* Release */ = {
			isa = XCBuildConfiguration;
			buildSettings = {
				ALWAYS_SEARCH_USER_PATHS = NO;
				CLANG_CXX_LANGUAGE_STANDARD = "gnu++0x";
				CLANG_CXX_LIBRARY = "libc++";
				CLANG_ENABLE_MODULES = YES;
				CLANG_ENABLE_OBJC_ARC = YES;
				CLANG_WARN_BOOL_CONVERSION = YES;
				CLANG_WARN_CONSTANT_CONVERSION = YES;
				CLANG_WARN_DIRECT_OBJC_ISA_USAGE = YES_ERROR;
				CLANG_WARN_EMPTY_BODY = YES;
				CLANG_WARN_ENUM_CONVERSION = YES;
				CLANG_WARN_INT_CONVERSION = YES;
				CLANG_WARN_OBJC_ROOT_CLASS = YES_ERROR;
				CLANG_WARN_UNREACHABLE_CODE = YES;
				CLANG_WARN__DUPLICATE_METHOD_MATCH = YES;
				CODE_SIGN_IDENTITY = "-";
				COPY_PHASE_STRIP = NO;
				CURRENT_PROJECT_VERSION = 1;
				DEBUG_INFORMATION_FORMAT = "dwarf-with-dsym";
				ENABLE_NS_ASSERTIONS = NO;
				ENABLE_STRICT_OBJC_MSGSEND = YES;
				GCC_C_LANGUAGE_STANDARD = gnu99;
				GCC_NO_COMMON_BLOCKS = YES;
				GCC_WARN_64_TO_32_BIT_CONVERSION = YES;
				GCC_WARN_ABOUT_RETURN_TYPE = YES_ERROR;
				GCC_WARN_UNDECLARED_SELECTOR = YES;
				GCC_WARN_UNINITIALIZED_AUTOS = YES_AGGRESSIVE;
				GCC_WARN_UNUSED_FUNCTION = YES;
				GCC_WARN_UNUSED_VARIABLE = YES;
				HEADER_SEARCH_PATHS = (
					/usr/local/include,
					/usr/local/opt/openssl/include,
				);
				MACOSX_DEPLOYMENT_TARGET = 10.10;
				MTL_ENABLE_DEBUG_INFO = NO;
				SDKROOT = macosx;
				VERSIONING_SYSTEM = "apple-generic";
				VERSION_INFO_PREFIX = "";
			};
			name = Release;
		};
		653316351C871712007D0F70 /* Debug */ = {
			isa = XCBuildConfiguration;
			buildSettings = {
				CLANG_ENABLE_MODULES = YES;
				COMBINE_HIDPI_IMAGES = YES;
				DEFINES_MODULE = YES;
				DYLIB_COMPATIBILITY_VERSION = 1;
				DYLIB_CURRENT_VERSION = 1;
				DYLIB_INSTALL_NAME_BASE = "@rpath";
				FRAMEWORK_SEARCH_PATHS = (
					"$(inherited)",
					"$(PROJECT_DIR)/Carthage/Build/Mac",
				);
				FRAMEWORK_VERSION = A;
				INFOPLIST_FILE = ExpressMarkdown/Info.plist;
				INSTALL_PATH = "$(LOCAL_LIBRARY_DIR)/Frameworks";
				LD_RUNPATH_SEARCH_PATHS = "$(inherited) @executable_path/../Frameworks @loader_path/Frameworks";
				PRODUCT_BUNDLE_IDENTIFIER = xyz.crossroadlabs.ExpressMarkdown;
				PRODUCT_NAME = "$(TARGET_NAME)";
				SKIP_INSTALL = YES;
				SWIFT_OPTIMIZATION_LEVEL = "-Onone";
			};
			name = Debug;
		};
		653316361C871712007D0F70 /* Release */ = {
			isa = XCBuildConfiguration;
			buildSettings = {
				CLANG_ENABLE_MODULES = YES;
				COMBINE_HIDPI_IMAGES = YES;
				DEFINES_MODULE = YES;
				DYLIB_COMPATIBILITY_VERSION = 1;
				DYLIB_CURRENT_VERSION = 1;
				DYLIB_INSTALL_NAME_BASE = "@rpath";
				FRAMEWORK_SEARCH_PATHS = (
					"$(inherited)",
					"$(PROJECT_DIR)/Carthage/Build/Mac",
				);
				FRAMEWORK_VERSION = A;
				INFOPLIST_FILE = ExpressMarkdown/Info.plist;
				INSTALL_PATH = "$(LOCAL_LIBRARY_DIR)/Frameworks";
				LD_RUNPATH_SEARCH_PATHS = "$(inherited) @executable_path/../Frameworks @loader_path/Frameworks";
				PRODUCT_BUNDLE_IDENTIFIER = xyz.crossroadlabs.ExpressMarkdown;
				PRODUCT_NAME = "$(TARGET_NAME)";
				SKIP_INSTALL = YES;
			};
			name = Release;
		};
/* End XCBuildConfiguration section */

/* Begin XCConfigurationList section */
		653316261C871712007D0F70 /* Build configuration list for PBXProject "ExpressMarkdown" */ = {
			isa = XCConfigurationList;
			buildConfigurations = (
				653316321C871712007D0F70 /* Debug */,
				653316331C871712007D0F70 /* Release */,
			);
			defaultConfigurationIsVisible = 0;
			defaultConfigurationName = Release;
		};
		653316341C871712007D0F70 /* Build configuration list for PBXNativeTarget "ExpressMarkdown" */ = {
			isa = XCConfigurationList;
			buildConfigurations = (
				653316351C871712007D0F70 /* Debug */,
				653316361C871712007D0F70 /* Release */,
			);
			defaultConfigurationIsVisible = 0;
			defaultConfigurationName = Release;
		};
/* End XCConfigurationList section */
	};
	rootObject = 653316231C871712007D0F70 /* Project object */;
}
